
Microsoft Visual Studio Solution File, Format Version 12.00
# Visual Studio Version 16
VisualStudioVersion = 16.0.29728.190
MinimumVisualStudioVersion = 10.0.40219.1
Project("{FAE04EC0-301F-11D3-BF4B-00C04F79EFBC}") = "Shopkeeper", "Shopkeeper\Shopkeeper.csproj", "{F1CBC665-6CC2-4B73-9A8F-E765D2E189EC}"
EndProject
Global
	GlobalSection(SolutionConfigurationPlatforms) = preSolution
		Debug|Any CPU = Debug|Any CPU
		Release|Any CPU = Release|Any CPU
	EndGlobalSection
	GlobalSection(ProjectConfigurationPlatforms) = postSolution
		{F1CBC665-6CC2-4B73-9A8F-E765D2E189EC}.Debug|Any CPU.ActiveCfg = Debug|Any CPU
		{F1CBC665-6CC2-4B73-9A8F-E765D2E189EC}.Debug|Any CPU.Build.0 = Debug|Any CPU
		{F1CBC665-6CC2-4B73-9A8F-E765D2E189EC}.Release|Any CPU.ActiveCfg = Release|Any CPU
		{F1CBC665-6CC2-4B73-9A8F-E765D2E189EC}.Release|Any CPU.Build.0 = Release|Any CPU
	EndGlobalSection
	GlobalSection(SolutionProperties) = preSolution
		HideSolutionNode = FALSE
	EndGlobalSection
	GlobalSection(ExtensibilityGlobals) = postSolution
		SolutionGuid = {C522B1BD-D6D7-4CB6-B6E0-5C22910F61D0}
	EndGlobalSection
EndGlobal
